
Microsoft Visual Studio Solution File, Format Version 12.00
# Visual Studio Version 16
VisualStudioVersion = 16.0.31624.102
MinimumVisualStudioVersion = 10.0.40219.1
Project("{FAE04EC0-301F-11D3-BF4B-00C04F79EFBC}") = "Heladeria_La_Flora", "Heladeria_La_Flora\Heladeria_La_Flora.csproj", "{8B406DC8-D2A9-4F61-B9AD-FA03ADF6AB5F}"
EndProject
Project("{FAE04EC0-301F-11D3-BF4B-00C04F79EFBC}") = "Entidades", "Entidades\Entidades.csproj", "{32FE0FE9-0701-44AA-A5A7-410A2870F6D4}"
EndProject
Global
	GlobalSection(SolutionConfigurationPlatforms) = preSolution
		Debug|Any CPU = Debug|Any CPU
		Release|Any CPU = Release|Any CPU
	EndGlobalSection
	GlobalSection(ProjectConfigurationPlatforms) = postSolution
		{8B406DC8-D2A9-4F61-B9AD-FA03ADF6AB5F}.Debug|Any CPU.ActiveCfg = Debug|Any CPU
		{8B406DC8-D2A9-4F61-B9AD-FA03ADF6AB5F}.Debug|Any CPU.Build.0 = Debug|Any CPU
		{8B406DC8-D2A9-4F61-B9AD-FA03ADF6AB5F}.Release|Any CPU.ActiveCfg = Release|Any CPU
		{8B406DC8-D2A9-4F61-B9AD-FA03ADF6AB5F}.Release|Any CPU.Build.0 = Release|Any CPU
		{32FE0FE9-0701-44AA-A5A7-410A2870F6D4}.Debug|Any CPU.ActiveCfg = Debug|Any CPU
		{32FE0FE9-0701-44AA-A5A7-410A2870F6D4}.Debug|Any CPU.Build.0 = Debug|Any CPU
		{32FE0FE9-0701-44AA-A5A7-410A2870F6D4}.Release|Any CPU.ActiveCfg = Release|Any CPU
		{32FE0FE9-0701-44AA-A5A7-410A2870F6D4}.Release|Any CPU.Build.0 = Release|Any CPU
	EndGlobalSection
	GlobalSection(SolutionProperties) = preSolution
		HideSolutionNode = FALSE
	EndGlobalSection
	GlobalSection(ExtensibilityGlobals) = postSolution
		SolutionGuid = {516E68E7-EFC7-4316-92E7-0839DC785486}
	EndGlobalSection
EndGlobal
